// !$*UTF8*$!
{
	archiveVersion = 1;
	classes = {
	};
	objectVersion = 46;
	objects = {

/* Begin PBXBuildFile section */
		FC6ECEC81E2C999A0038E72D /* AppDelegate.swift in Sources */ = {isa = PBXBuildFile; fileRef = FC6ECEC71E2C999A0038E72D /* AppDelegate.swift */; };
		FC6ECECD1E2C999A0038E72D /* Main.storyboard in Resources */ = {isa = PBXBuildFile; fileRef = FC6ECECB1E2C999A0038E72D /* Main.storyboard */; };
		FC6ECECF1E2C999A0038E72D /* Assets.xcassets in Resources */ = {isa = PBXBuildFile; fileRef = FC6ECECE1E2C999A0038E72D /* Assets.xcassets */; };
		FC6ECED21E2C999A0038E72D /* LaunchScreen.storyboard in Resources */ = {isa = PBXBuildFile; fileRef = FC6ECED01E2C999A0038E72D /* LaunchScreen.storyboard */; };
		FC6ECEDE1E2C9A080038E72D /* SWRevealViewController.m in Sources */ = {isa = PBXBuildFile; fileRef = FC6ECEDD1E2C9A080038E72D /* SWRevealViewController.m */; };
		FC6ECEE01E2C9AA90038E72D /* HomeViewController.swift in Sources */ = {isa = PBXBuildFile; fileRef = FC6ECEDF1E2C9AA90038E72D /* HomeViewController.swift */; };
		FC6ECEE21E2C9AC00038E72D /* TabBarController.swift in Sources */ = {isa = PBXBuildFile; fileRef = FC6ECEE11E2C9AC00038E72D /* TabBarController.swift */; };
		FC6ECEE41E2C9B020038E72D /* HomeNavVC.swift in Sources */ = {isa = PBXBuildFile; fileRef = FC6ECEE31E2C9B020038E72D /* HomeNavVC.swift */; };
		FC6ECEE61E2C9C190038E72D /* RearViewController.swift in Sources */ = {isa = PBXBuildFile; fileRef = FC6ECEE51E2C9C190038E72D /* RearViewController.swift */; };
		FC6ECEE81E2C9F280038E72D /* TableController.swift in Sources */ = {isa = PBXBuildFile; fileRef = FC6ECEE71E2C9F280038E72D /* TableController.swift */; };
/* End PBXBuildFile section */

/* Begin PBXFileReference section */
		FC6ECEC41E2C999A0038E72D /* SOSWDemo.app */ = {isa = PBXFileReference; explicitFileType = wrapper.application; includeInIndex = 0; path = SOSWDemo.app; sourceTree = BUILT_PRODUCTS_DIR; };
		FC6ECEC71E2C999A0038E72D /* AppDelegate.swift */ = {isa = PBXFileReference; lastKnownFileType = sourcecode.swift; path = AppDelegate.swift; sourceTree = "<group>"; };
		FC6ECECC1E2C999A0038E72D /* Base */ = {isa = PBXFileReference; lastKnownFileType = file.storyboard; name = Base; path = Base.lproj/Main.storyboard; sourceTree = "<group>"; };
		FC6ECECE1E2C999A0038E72D /* Assets.xcassets */ = {isa = PBXFileReference; lastKnownFileType = folder.assetcatalog; path = Assets.xcassets; sourceTree = "<group>"; };
		FC6ECED11E2C999A0038E72D /* Base */ = {isa = PBXFileReference; lastKnownFileType = file.storyboard; name = Base; path = Base.lproj/LaunchScreen.storyboard; sourceTree = "<group>"; };
		FC6ECED31E2C999A0038E72D /* Info.plist */ = {isa = PBXFileReference; lastKnownFileType = text.plist.xml; path = Info.plist; sourceTree = "<group>"; };
		FC6ECED91E2C99F80038E72D /* SOSWDemo-Bridging-Header.h */ = {isa = PBXFileReference; lastKnownFileType = sourcecode.c.h; path = "SOSWDemo-Bridging-Header.h"; sourceTree = "<group>"; };
		FC6ECEDC1E2C9A080038E72D /* SWRevealViewController.h */ = {isa = PBXFileReference; fileEncoding = 4; lastKnownFileType = sourcecode.c.h; path = SWRevealViewController.h; sourceTree = "<group>"; };
		FC6ECEDD1E2C9A080038E72D /* SWRevealViewController.m */ = {isa = PBXFileReference; fileEncoding = 4; lastKnownFileType = sourcecode.c.objc; path = SWRevealViewController.m; sourceTree = "<group>"; };
		FC6ECEDF1E2C9AA90038E72D /* HomeViewController.swift */ = {isa = PBXFileReference; fileEncoding = 4; lastKnownFileType = sourcecode.swift; path = HomeViewController.swift; sourceTree = "<group>"; };
		FC6ECEE11E2C9AC00038E72D /* TabBarController.swift */ = {isa = PBXFileReference; fileEncoding = 4; lastKnownFileType = sourcecode.swift; path = TabBarController.swift; sourceTree = "<group>"; };
		FC6ECEE31E2C9B020038E72D /* HomeNavVC.swift */ = {isa = PBXFileReference; fileEncoding = 4; lastKnownFileType = sourcecode.swift; path = HomeNavVC.swift; sourceTree = "<group>"; };
		FC6ECEE51E2C9C190038E72D /* RearViewController.swift */ = {isa = PBXFileReference; fileEncoding = 4; lastKnownFileType = sourcecode.swift; path = RearViewController.swift; sourceTree = "<group>"; };
		FC6ECEE71E2C9F280038E72D /* TableController.swift */ = {isa = PBXFileReference; fileEncoding = 4; lastKnownFileType = sourcecode.swift; path = TableController.swift; sourceTree = "<group>"; };
/* End PBXFileReference section */

/* Begin PBXFrameworksBuildPhase section */
		FC6ECEC11E2C999A0038E72D /* Frameworks */ = {
			isa = PBXFrameworksBuildPhase;
			buildActionMask = 2147483647;
			files = (
			);
			runOnlyForDeploymentPostprocessing = 0;
		};
/* End PBXFrameworksBuildPhase section */

/* Begin PBXGroup section */
		FC6ECEBB1E2C999A0038E72D = {
			isa = PBXGroup;
			children = (
				FC6ECEE51E2C9C190038E72D /* RearViewController.swift */,
				FC6ECEC61E2C999A0038E72D /* SOSWDemo */,
				FC6ECEC51E2C999A0038E72D /* Products */,
			);
			sourceTree = "<group>";
		};
		FC6ECEC51E2C999A0038E72D /* Products */ = {
			isa = PBXGroup;
			children = (
				FC6ECEC41E2C999A0038E72D /* SOSWDemo.app */,
			);
			name = Products;
			sourceTree = "<group>";
		};
		FC6ECEC61E2C999A0038E72D /* SOSWDemo */ = {
			isa = PBXGroup;
			children = (
				FC6ECEC71E2C999A0038E72D /* AppDelegate.swift */,
				FC6ECEE31E2C9B020038E72D /* HomeNavVC.swift */,
				FC6ECEDC1E2C9A080038E72D /* SWRevealViewController.h */,
				FC6ECEE71E2C9F280038E72D /* TableController.swift */,
				FC6ECEDD1E2C9A080038E72D /* SWRevealViewController.m */,
				FC6ECEE11E2C9AC00038E72D /* TabBarController.swift */,
				FC6ECECB1E2C999A0038E72D /* Main.storyboard */,
				FC6ECEDF1E2C9AA90038E72D /* HomeViewController.swift */,
				FC6ECECE1E2C999A0038E72D /* Assets.xcassets */,
				FC6ECED01E2C999A0038E72D /* LaunchScreen.storyboard */,
				FC6ECED31E2C999A0038E72D /* Info.plist */,
				FC6ECED91E2C99F80038E72D /* SOSWDemo-Bridging-Header.h */,
			);
			path = SOSWDemo;
			sourceTree = "<group>";
		};
/* End PBXGroup section */

/* Begin PBXNativeTarget section */
		FC6ECEC31E2C999A0038E72D /* SOSWDemo */ = {
			isa = PBXNativeTarget;
			buildConfigurationList = FC6ECED61E2C999A0038E72D /* Build configuration list for PBXNativeTarget "SOSWDemo" */;
			buildPhases = (
				FC6ECEC01E2C999A0038E72D /* Sources */,
				FC6ECEC11E2C999A0038E72D /* Frameworks */,
				FC6ECEC21E2C999A0038E72D /* Resources */,
			);
			buildRules = (
			);
			dependencies = (
			);
			name = SOSWDemo;
			productName = SOSWDemo;
			productReference = FC6ECEC41E2C999A0038E72D /* SOSWDemo.app */;
			productType = "com.apple.product-type.application";
		};
/* End PBXNativeTarget section */

/* Begin PBXProject section */
		FC6ECEBC1E2C999A0038E72D /* Project object */ = {
			isa = PBXProject;
			attributes = {
				LastSwiftUpdateCheck = 0820;
				LastUpgradeCheck = 0820;
				ORGANIZATIONNAME = zaid;
				TargetAttributes = {
					FC6ECEC31E2C999A0038E72D = {
						CreatedOnToolsVersion = 8.2;
						DevelopmentTeam = G34KQT9TPD;
						LastSwiftMigration = 0820;
						ProvisioningStyle = Automatic;
					};
				};
			};
			buildConfigurationList = FC6ECEBF1E2C999A0038E72D /* Build configuration list for PBXProject "SOSWDemo" */;
			compatibilityVersion = "Xcode 3.2";
			developmentRegion = English;
			hasScannedForEncodings = 0;
			knownRegions = (
				en,
				Base,
			);
			mainGroup = FC6ECEBB1E2C999A0038E72D;
			productRefGroup = FC6ECEC51E2C999A0038E72D /* Products */;
			projectDirPath = "";
			projectRoot = "";
			targets = (
				FC6ECEC31E2C999A0038E72D /* SOSWDemo */,
			);
		};
/* End PBXProject section */

/* Begin PBXResourcesBuildPhase section */
		FC6ECEC21E2C999A0038E72D /* Resources */ = {
			isa = PBXResourcesBuildPhase;
			buildActionMask = 2147483647;
			files = (
				FC6ECED21E2C999A0038E72D /* LaunchScreen.storyboard in Resources */,
				FC6ECECF1E2C999A0038E72D /* Assets.xcassets in Resources */,
				FC6ECECD1E2C999A0038E72D /* Main.storyboard in Resources */,
			);
			runOnlyForDeploymentPostprocessing = 0;
		};
/* End PBXResourcesBuildPhase section */

/* Begin PBXSourcesBuildPhase section */
		FC6ECEC01E2C999A0038E72D /* Sources */ = {
			isa = PBXSourcesBuildPhase;
			buildActionMask = 2147483647;
			files = (
				FC6ECEE81E2C9F280038E72D /* TableController.swift in Sources */,
				FC6ECEE61E2C9C190038E72D /* RearViewController.swift in Sources */,
				FC6ECEC81E2C999A0038E72D /* AppDelegate.swift in Sources */,
				FC6ECEDE1E2C9A080038E72D /* SWRevealViewController.m in Sources */,
				FC6ECEE21E2C9AC00038E72D /* TabBarController.swift in Sources */,
				FC6ECEE01E2C9AA90038E72D /* HomeViewController.swift in Sources */,
				FC6ECEE41E2C9B020038E72D /* HomeNavVC.swift in Sources */,
			);
			runOnlyForDeploymentPostprocessing = 0;
		};
/* End PBXSourcesBuildPhase section */

/* Begin PBXVariantGroup section */
		FC6ECECB1E2C999A0038E72D /* Main.storyboard */ = {
			isa = PBXVariantGroup;
			children = (
				FC6ECECC1E2C999A0038E72D /* Base */,
			);
			name = Main.storyboard;
			sourceTree = "<group>";
		};
		FC6ECED01E2C999A0038E72D /* LaunchScreen.storyboard */ = {
			isa = PBXVariantGroup;
			children = (
				FC6ECED11E2C999A0038E72D /* Base */,
			);
			name = LaunchScreen.storyboard;
			sourceTree = "<group>";
		};
/* End PBXVariantGroup section */

/* Begin XCBuildConfiguration section */
		FC6ECED41E2C999A0038E72D /* Debug */ = {
			isa = XCBuildConfiguration;
			buildSettings = {
				ALWAYS_SEARCH_USER_PATHS = NO;
				CLANG_ANALYZER_NONNULL = YES;
				CLANG_CXX_LANGUAGE_STANDARD = "gnu++0x";
				CLANG_CXX_LIBRARY = "libc++";
				CLANG_ENABLE_MODULES = YES;
				CLANG_ENABLE_OBJC_ARC = YES;
				CLANG_WARN_BOOL_CONVERSION = YES;
				CLANG_WARN_CONSTANT_CONVERSION = YES;
				CLANG_WARN_DIRECT_OBJC_ISA_USAGE = YES_ERROR;
				CLANG_WARN_DOCUMENTATION_COMMENTS = YES;
				CLANG_WARN_EMPTY_BODY = YES;
				CLANG_WARN_ENUM_CONVERSION = YES;
				CLANG_WARN_INFINITE_RECURSION = YES;
				CLANG_WARN_INT_CONVERSION = YES;
				CLANG_WARN_OBJC_ROOT_CLASS = YES_ERROR;
				CLANG_WARN_SUSPICIOUS_MOVE = YES;
				CLANG_WARN_UNREACHABLE_CODE = YES;
				CLANG_WARN__DUPLICATE_METHOD_MATCH = YES;
				"CODE_SIGN_IDENTITY[sdk=iphoneos*]" = "iPhone Developer";
				COPY_PHASE_STRIP = NO;
				DEBUG_INFORMATION_FORMAT = dwarf;
				ENABLE_STRICT_OBJC_MSGSEND = YES;
				ENABLE_TESTABILITY = YES;
				GCC_C_LANGUAGE_STANDARD = gnu99;
				GCC_DYNAMIC_NO_PIC = NO;
				GCC_NO_COMMON_BLOCKS = YES;
				GCC_OPTIMIZATION_LEVEL = 0;
				GCC_PREPROCESSOR_DEFINITIONS = (
					"DEBUG=1",
					"$(inherited)",
				);
				GCC_WARN_64_TO_32_BIT_CONVERSION = YES;
				GCC_WARN_ABOUT_RETURN_TYPE = YES_ERROR;
				GCC_WARN_UNDECLARED_SELECTOR = YES;
				GCC_WARN_UNINITIALIZED_AUTOS = YES_AGGRESSIVE;
				GCC_WARN_UNUSED_FUNCTION = YES;
				GCC_WARN_UNUSED_VARIABLE = YES;
				IPHONEOS_DEPLOYMENT_TARGET = 10.2;
				MTL_ENABLE_DEBUG_INFO = YES;
				ONLY_ACTIVE_ARCH = YES;
				SDKROOT = iphoneos;
				SWIFT_ACTIVE_COMPILATION_CONDITIONS = DEBUG;
				SWIFT_OPTIMIZATION_LEVEL = "-Onone";
				TARGETED_DEVICE_FAMILY = "1,2";
			};
			name = Debug;
		};
		FC6ECED51E2C999A0038E72D /* Release */ = {
			isa = XCBuildConfiguration;
			buildSettings = {
				ALWAYS_SEARCH_USER_PATHS = NO;
				CLANG_ANALYZER_NONNULL = YES;
				CLANG_CXX_LANGUAGE_STANDARD = "gnu++0x";
				CLANG_CXX_LIBRARY = "libc++";
				CLANG_ENABLE_MODULES = YES;
				CLANG_ENABLE_OBJC_ARC = YES;
				CLANG_WARN_BOOL_CONVERSION = YES;
				CLANG_WARN_CONSTANT_CONVERSION = YES;
				CLANG_WARN_DIRECT_OBJC_ISA_USAGE = YES_ERROR;
				CLANG_WARN_DOCUMENTATION_COMMENTS = YES;
				CLANG_WARN_EMPTY_BODY = YES;
				CLANG_WARN_ENUM_CONVERSION = YES;
				CLANG_WARN_INFINITE_RECURSION = YES;
				CLANG_WARN_INT_CONVERSION = YES;
				CLANG_WARN_OBJC_ROOT_CLASS = YES_ERROR;
				CLANG_WARN_SUSPICIOUS_MOVE = YES;
				CLANG_WARN_UNREACHABLE_CODE = YES;
				CLANG_WARN__DUPLICATE_METHOD_MATCH = YES;
				"CODE_SIGN_IDENTITY[sdk=iphoneos*]" = "iPhone Developer";
				COPY_PHASE_STRIP = NO;
				DEBUG_INFORMATION_FORMAT = "dwarf-with-dsym";
				ENABLE_NS_ASSERTIONS = NO;
				ENABLE_STRICT_OBJC_MSGSEND = YES;
				GCC_C_LANGUAGE_STANDARD = gnu99;
				GCC_NO_COMMON_BLOCKS = YES;
				GCC_WARN_64_TO_32_BIT_CONVERSION = YES;
				GCC_WARN_ABOUT_RETURN_TYPE = YES_ERROR;
				GCC_WARN_UNDECLARED_SELECTOR = YES;
				GCC_WARN_UNINITIALIZED_AUTOS = YES_AGGRESSIVE;
				GCC_WARN_UNUSED_FUNCTION = YES;
				GCC_WARN_UNUSED_VARIABLE = YES;
				IPHONEOS_DEPLOYMENT_TARGET = 10.2;
				MTL_ENABLE_DEBUG_INFO = NO;
				SDKROOT = iphoneos;
				SWIFT_OPTIMIZATION_LEVEL = "-Owholemodule";
				TARGETED_DEVICE_FAMILY = "1,2";
				VALIDATE_PRODUCT = YES;
			};
			name = Release;
		};
		FC6ECED71E2C999A0038E72D /* Debug */ = {
			isa = XCBuildConfiguration;
			buildSettings = {
				ASSETCATALOG_COMPILER_APPICON_NAME = AppIcon;
				CLANG_ENABLE_MODULES = YES;
				DEVELOPMENT_TEAM = G34KQT9TPD;
				INFOPLIST_FILE = SOSWDemo/Info.plist;
				LD_RUNPATH_SEARCH_PATHS = "$(inherited) @executable_path/Frameworks";
				PRODUCT_BUNDLE_IDENTIFIER = com.zaid.SOSWDemo;
				PRODUCT_NAME = "$(TARGET_NAME)";
				SWIFT_OBJC_BRIDGING_HEADER = "SOSWDemo/SOSWDemo-Bridging-Header.h";
				SWIFT_OPTIMIZATION_LEVEL = "-Onone";
				SWIFT_VERSION = 3.0;
			};
			name = Debug;
		};
		FC6ECED81E2C999A0038E72D /* Release */ = {
			isa = XCBuildConfiguration;
			buildSettings = {
				ASSETCATALOG_COMPILER_APPICON_NAME = AppIcon;
				CLANG_ENABLE_MODULES = YES;
				DEVELOPMENT_TEAM = G34KQT9TPD;
				INFOPLIST_FILE = SOSWDemo/Info.plist;
				LD_RUNPATH_SEARCH_PATHS = "$(inherited) @executable_path/Frameworks";
				PRODUCT_BUNDLE_IDENTIFIER = com.zaid.SOSWDemo;
				PRODUCT_NAME = "$(TARGET_NAME)";
				SWIFT_OBJC_BRIDGING_HEADER = "SOSWDemo/SOSWDemo-Bridging-Header.h";
				SWIFT_VERSION = 3.0;
			};
			name = Release;
		};
/* End XCBuildConfiguration section */

/* Begin XCConfigurationList section */
		FC6ECEBF1E2C999A0038E72D /* Build configuration list for PBXProject "SOSWDemo" */ = {
			isa = XCConfigurationList;
			buildConfigurations = (
				FC6ECED41E2C999A0038E72D /* Debug */,
				FC6ECED51E2C999A0038E72D /* Release */,
			);
			defaultConfigurationIsVisible = 0;
			defaultConfigurationName = Release;
		};
		FC6ECED61E2C999A0038E72D /* Build configuration list for PBXNativeTarget "SOSWDemo" */ = {
			isa = XCConfigurationList;
			buildConfigurations = (
				FC6ECED71E2C999A0038E72D /* Debug */,
				FC6ECED81E2C999A0038E72D /* Release */,
			);
			defaultConfigurationIsVisible = 0;
		};
/* End XCConfigurationList section */
	};
	rootObject = FC6ECEBC1E2C999A0038E72D /* Project object */;
}
